
Microsoft Visual Studio Solution File, Format Version 12.00
# Visual Studio 2012
Project("{FAE04EC0-301F-11D3-BF4B-00C04F79EFBC}") = "ViewModelBackstack", "ViewModelBackstack\ViewModelBackstack.csproj", "{7B080627-C3FF-4CF7-94E5-1F9BAFB51AAA}"
EndProject
Project("{FAE04EC0-301F-11D3-BF4B-00C04F79EFBC}") = "SampleApplication", "SampleApplication\SampleApplication.csproj", "{BD264726-42D4-4248-AB07-2FEF3DC2C5B7}"
EndProject
Project("{2150E333-8FDC-42A3-9474-1A3956D46DE8}") = ".nuget", ".nuget", "{60A0BA5B-E6E3-49D2-AAA8-116DDD49A7AA}"
	ProjectSection(SolutionItems) = preProject
		.nuget\NuGet.Config = .nuget\NuGet.Config
		.nuget\NuGet.exe = .nuget\NuGet.exe
		.nuget\NuGet.targets = .nuget\NuGet.targets
	EndProjectSection
EndProject
Global
	GlobalSection(SolutionConfigurationPlatforms) = preSolution
		Debug|Any CPU = Debug|Any CPU
		Debug|ARM = Debug|ARM
		Debug|x86 = Debug|x86
		Release|Any CPU = Release|Any CPU
		Release|ARM = Release|ARM
		Release|x86 = Release|x86
	EndGlobalSection
	GlobalSection(ProjectConfigurationPlatforms) = postSolution
		{7B080627-C3FF-4CF7-94E5-1F9BAFB51AAA}.Debug|Any CPU.ActiveCfg = Debug|Any CPU
		{7B080627-C3FF-4CF7-94E5-1F9BAFB51AAA}.Debug|Any CPU.Build.0 = Debug|Any CPU
		{7B080627-C3FF-4CF7-94E5-1F9BAFB51AAA}.Debug|ARM.ActiveCfg = Debug|Any CPU
		{7B080627-C3FF-4CF7-94E5-1F9BAFB51AAA}.Debug|x86.ActiveCfg = Debug|Any CPU
		{7B080627-C3FF-4CF7-94E5-1F9BAFB51AAA}.Release|Any CPU.ActiveCfg = Release|Any CPU
		{7B080627-C3FF-4CF7-94E5-1F9BAFB51AAA}.Release|Any CPU.Build.0 = Release|Any CPU
		{7B080627-C3FF-4CF7-94E5-1F9BAFB51AAA}.Release|ARM.ActiveCfg = Release|Any CPU
		{7B080627-C3FF-4CF7-94E5-1F9BAFB51AAA}.Release|x86.ActiveCfg = Release|Any CPU
		{BD264726-42D4-4248-AB07-2FEF3DC2C5B7}.Debug|Any CPU.ActiveCfg = Debug|Any CPU
		{BD264726-42D4-4248-AB07-2FEF3DC2C5B7}.Debug|Any CPU.Build.0 = Debug|Any CPU
		{BD264726-42D4-4248-AB07-2FEF3DC2C5B7}.Debug|Any CPU.Deploy.0 = Debug|Any CPU
		{BD264726-42D4-4248-AB07-2FEF3DC2C5B7}.Debug|ARM.ActiveCfg = Debug|ARM
		{BD264726-42D4-4248-AB07-2FEF3DC2C5B7}.Debug|ARM.Build.0 = Debug|ARM
		{BD264726-42D4-4248-AB07-2FEF3DC2C5B7}.Debug|ARM.Deploy.0 = Debug|ARM
		{BD264726-42D4-4248-AB07-2FEF3DC2C5B7}.Debug|x86.ActiveCfg = Debug|x86
		{BD264726-42D4-4248-AB07-2FEF3DC2C5B7}.Debug|x86.Build.0 = Debug|x86
		{BD264726-42D4-4248-AB07-2FEF3DC2C5B7}.Debug|x86.Deploy.0 = Debug|x86
		{BD264726-42D4-4248-AB07-2FEF3DC2C5B7}.Release|Any CPU.ActiveCfg = Release|Any CPU
		{BD264726-42D4-4248-AB07-2FEF3DC2C5B7}.Release|Any CPU.Build.0 = Release|Any CPU
		{BD264726-42D4-4248-AB07-2FEF3DC2C5B7}.Release|Any CPU.Deploy.0 = Release|Any CPU
		{BD264726-42D4-4248-AB07-2FEF3DC2C5B7}.Release|ARM.ActiveCfg = Release|ARM
		{BD264726-42D4-4248-AB07-2FEF3DC2C5B7}.Release|ARM.Build.0 = Release|ARM
		{BD264726-42D4-4248-AB07-2FEF3DC2C5B7}.Release|ARM.Deploy.0 = Release|ARM
		{BD264726-42D4-4248-AB07-2FEF3DC2C5B7}.Release|x86.ActiveCfg = Release|x86
		{BD264726-42D4-4248-AB07-2FEF3DC2C5B7}.Release|x86.Build.0 = Release|x86
		{BD264726-42D4-4248-AB07-2FEF3DC2C5B7}.Release|x86.Deploy.0 = Release|x86
	EndGlobalSection
	GlobalSection(SolutionProperties) = preSolution
		HideSolutionNode = FALSE
	EndGlobalSection
EndGlobal
